
Microsoft Visual Studio Solution File, Format Version 12.00
# Visual Studio Version 17
VisualStudioVersion = 17.8.34330.188
MinimumVisualStudioVersion = 10.0.40219.1
Project("{9A19103F-16F7-4668-BE54-9A1E7A4F7556}") = "ServerStatisticsCollection", "ServerStatisticsCollection\ServerStatisticsCollection.csproj", "{19D1AB9F-7A61-48CC-8DA6-0D6158AF1A3A}"
EndProject
Project("{9A19103F-16F7-4668-BE54-9A1E7A4F7556}") = "CosumerProject", "CosumerProject\CosumerProject.csproj", "{11F6587F-F856-46C5-AC6D-2632EDECD1BA}"
EndProject
Project("{9A19103F-16F7-4668-BE54-9A1E7A4F7556}") = "SignalRMonitor", "SignalRMonitor\SignalRMonitor.csproj", "{7A5737DA-8224-47A1-B216-AA5EBD0292A8}"
EndProject
Project("{FAE04EC0-301F-11D3-BF4B-00C04F79EFBC}") = "SignalREventConsumerService", "SignalREventConsumerService\SignalREventConsumerService.csproj", "{01F89CD6-B7E4-4B33-B75F-2E25791C87A7}"
EndProject
Global
	GlobalSection(SolutionConfigurationPlatforms) = preSolution
		Debug|Any CPU = Debug|Any CPU
		Release|Any CPU = Release|Any CPU
	EndGlobalSection
	GlobalSection(ProjectConfigurationPlatforms) = postSolution
		{19D1AB9F-7A61-48CC-8DA6-0D6158AF1A3A}.Debug|Any CPU.ActiveCfg = Debug|Any CPU
		{19D1AB9F-7A61-48CC-8DA6-0D6158AF1A3A}.Debug|Any CPU.Build.0 = Debug|Any CPU
		{19D1AB9F-7A61-48CC-8DA6-0D6158AF1A3A}.Release|Any CPU.ActiveCfg = Release|Any CPU
		{19D1AB9F-7A61-48CC-8DA6-0D6158AF1A3A}.Release|Any CPU.Build.0 = Release|Any CPU
		{11F6587F-F856-46C5-AC6D-2632EDECD1BA}.Debug|Any CPU.ActiveCfg = Debug|Any CPU
		{11F6587F-F856-46C5-AC6D-2632EDECD1BA}.Debug|Any CPU.Build.0 = Debug|Any CPU
		{11F6587F-F856-46C5-AC6D-2632EDECD1BA}.Release|Any CPU.ActiveCfg = Release|Any CPU
		{11F6587F-F856-46C5-AC6D-2632EDECD1BA}.Release|Any CPU.Build.0 = Release|Any CPU
		{7A5737DA-8224-47A1-B216-AA5EBD0292A8}.Debug|Any CPU.ActiveCfg = Debug|Any CPU
		{7A5737DA-8224-47A1-B216-AA5EBD0292A8}.Debug|Any CPU.Build.0 = Debug|Any CPU
		{7A5737DA-8224-47A1-B216-AA5EBD0292A8}.Release|Any CPU.ActiveCfg = Release|Any CPU
		{7A5737DA-8224-47A1-B216-AA5EBD0292A8}.Release|Any CPU.Build.0 = Release|Any CPU
		{01F89CD6-B7E4-4B33-B75F-2E25791C87A7}.Debug|Any CPU.ActiveCfg = Debug|Any CPU
		{01F89CD6-B7E4-4B33-B75F-2E25791C87A7}.Debug|Any CPU.Build.0 = Debug|Any CPU
		{01F89CD6-B7E4-4B33-B75F-2E25791C87A7}.Release|Any CPU.ActiveCfg = Release|Any CPU
		{01F89CD6-B7E4-4B33-B75F-2E25791C87A7}.Release|Any CPU.Build.0 = Release|Any CPU
	EndGlobalSection
	GlobalSection(SolutionProperties) = preSolution
		HideSolutionNode = FALSE
	EndGlobalSection
	GlobalSection(ExtensibilityGlobals) = postSolution
		SolutionGuid = {3D770AE0-459F-4FED-AE00-C3183329B7D7}
	EndGlobalSection
EndGlobal
